
Microsoft Visual Studio Solution File, Format Version 12.00
# Visual Studio Version 17
VisualStudioVersion = 17.0.31611.283
MinimumVisualStudioVersion = 10.0.40219.1
Project("{9A19103F-16F7-4668-BE54-9A1E7A4F7556}") = "NewsApp", "NewsApp\NewsApp.csproj", "{B0CD9562-572D-4A69-8C88-ECEE4AFF1286}"
EndProject
Project("{9A19103F-16F7-4668-BE54-9A1E7A4F7556}") = "PassXYZ.Vault", "PassXYZ.Vault\PassXYZ.Vault.csproj", "{88E1385D-D017-4A16-A538-DE0D0789F3EF}"
EndProject
Project("{FAE04EC0-301F-11D3-BF4B-00C04F79EFBC}") = "SNSLoginApp", "SNSLoginApp\SNSLoginApp.csproj", "{19363E8A-E983-47A0-BA4E-3DF6EBB33F47}"
EndProject
Project("{FAE04EC0-301F-11D3-BF4B-00C04F79EFBC}") = "InifiniteScrollDemoApp", "InifiniteScrollDemoApp\InifiniteScrollDemoApp.csproj", "{C26EB0A2-B703-4BC0-8B38-0DE4B072D763}"
EndProject
Global
	GlobalSection(SolutionConfigurationPlatforms) = preSolution
		Debug|Any CPU = Debug|Any CPU
		Release|Any CPU = Release|Any CPU
	EndGlobalSection
	GlobalSection(ProjectConfigurationPlatforms) = postSolution
		{B0CD9562-572D-4A69-8C88-ECEE4AFF1286}.Debug|Any CPU.ActiveCfg = Debug|Any CPU
		{B0CD9562-572D-4A69-8C88-ECEE4AFF1286}.Debug|Any CPU.Build.0 = Debug|Any CPU
		{B0CD9562-572D-4A69-8C88-ECEE4AFF1286}.Debug|Any CPU.Deploy.0 = Debug|Any CPU
		{B0CD9562-572D-4A69-8C88-ECEE4AFF1286}.Release|Any CPU.ActiveCfg = Release|Any CPU
		{B0CD9562-572D-4A69-8C88-ECEE4AFF1286}.Release|Any CPU.Build.0 = Release|Any CPU
		{B0CD9562-572D-4A69-8C88-ECEE4AFF1286}.Release|Any CPU.Deploy.0 = Release|Any CPU
		{88E1385D-D017-4A16-A538-DE0D0789F3EF}.Debug|Any CPU.ActiveCfg = Debug|Any CPU
		{88E1385D-D017-4A16-A538-DE0D0789F3EF}.Debug|Any CPU.Build.0 = Debug|Any CPU
		{88E1385D-D017-4A16-A538-DE0D0789F3EF}.Debug|Any CPU.Deploy.0 = Debug|Any CPU
		{88E1385D-D017-4A16-A538-DE0D0789F3EF}.Release|Any CPU.ActiveCfg = Release|Any CPU
		{88E1385D-D017-4A16-A538-DE0D0789F3EF}.Release|Any CPU.Build.0 = Release|Any CPU
		{88E1385D-D017-4A16-A538-DE0D0789F3EF}.Release|Any CPU.Deploy.0 = Release|Any CPU
		{19363E8A-E983-47A0-BA4E-3DF6EBB33F47}.Debug|Any CPU.ActiveCfg = Debug|Any CPU
		{19363E8A-E983-47A0-BA4E-3DF6EBB33F47}.Debug|Any CPU.Build.0 = Debug|Any CPU
		{19363E8A-E983-47A0-BA4E-3DF6EBB33F47}.Debug|Any CPU.Deploy.0 = Debug|Any CPU
		{19363E8A-E983-47A0-BA4E-3DF6EBB33F47}.Release|Any CPU.ActiveCfg = Release|Any CPU
		{19363E8A-E983-47A0-BA4E-3DF6EBB33F47}.Release|Any CPU.Build.0 = Release|Any CPU
		{19363E8A-E983-47A0-BA4E-3DF6EBB33F47}.Release|Any CPU.Deploy.0 = Release|Any CPU
		{C26EB0A2-B703-4BC0-8B38-0DE4B072D763}.Debug|Any CPU.ActiveCfg = Debug|Any CPU
		{C26EB0A2-B703-4BC0-8B38-0DE4B072D763}.Debug|Any CPU.Build.0 = Debug|Any CPU
		{C26EB0A2-B703-4BC0-8B38-0DE4B072D763}.Debug|Any CPU.Deploy.0 = Debug|Any CPU
		{C26EB0A2-B703-4BC0-8B38-0DE4B072D763}.Release|Any CPU.ActiveCfg = Release|Any CPU
		{C26EB0A2-B703-4BC0-8B38-0DE4B072D763}.Release|Any CPU.Build.0 = Release|Any CPU
		{C26EB0A2-B703-4BC0-8B38-0DE4B072D763}.Release|Any CPU.Deploy.0 = Release|Any CPU
	EndGlobalSection
	GlobalSection(SolutionProperties) = preSolution
		HideSolutionNode = FALSE
	EndGlobalSection
	GlobalSection(ExtensibilityGlobals) = postSolution
		SolutionGuid = {61F7FB11-1E47-470C-91E2-47F8143E1572}
	EndGlobalSection
EndGlobal
